{
  "version": 4,
  "terraform_version": "1.3.9",
  "serial": 452,
  "lineage": "dff3b825-2f09-277c-91b6-bd63416a7961",
  "outputs": {},
  "resources": [
    {
      "module": "module.db",
      "mode": "managed",
      "type": "random_password",
      "name": "master_password",
      "provider": "provider[\"registry.terraform.io/hashicorp/random\"]",
      "instances": [
        {
          "index_key": 0,
          "schema_version": 3,
          "attributes": {
            "bcrypt_hash": "$2a$10$sPqBL7P/YnPzGx60pih1ue4FnK/PYt1Kmk1Hr02aF5zTvXpIISF8i",
            "id": "none",
            "keepers": null,
            "length": 16,
            "lower": true,
            "min_lower": 0,
            "min_numeric": 0,
            "min_special": 0,
            "min_upper": 0,
            "number": true,
            "numeric": true,
            "override_special": null,
            "result": "gTe8dgzJUXe8HjJm",
            "special": false,
            "upper": true
          },
          "sensitive_attributes": []
        }
      ]
    },
    {
      "module": "module.db.module.db_instance",
      "mode": "data",
      "type": "aws_iam_policy_document",
      "name": "enhanced_monitoring",
      "provider": "provider[\"registry.terraform.io/hashicorp/aws\"]",
      "instances": [
        {
          "schema_version": 0,
          "attributes": {
            "id": "1813475199",
            "json": "{\n  \"Version\": \"2012-10-17\",\n  \"Statement\": [\n    {\n      \"Sid\": \"\",\n      \"Effect\": \"Allow\",\n      \"Action\": \"sts:AssumeRole\",\n      \"Principal\": {\n        \"Service\": \"monitoring.rds.amazonaws.com\"\n      }\n    }\n  ]\n}",
            "override_json": null,
            "override_policy_documents": null,
            "policy_id": null,
            "source_json": null,
            "source_policy_documents": null,
            "statement": [
              {
                "actions": [
                  "sts:AssumeRole"
                ],
                "condition": [],
                "effect": "Allow",
                "not_actions": [],
                "not_principals": [],
                "not_resources": [],
                "principals": [
                  {
                    "identifiers": [
                      "monitoring.rds.amazonaws.com"
                    ],
                    "type": "Service"
                  }
                ],
                "resources": [],
                "sid": ""
              }
            ],
            "version": "2012-10-17"
          },
          "sensitive_attributes": []
        }
      ]
    },
    {
      "module": "module.db.module.db_instance",
      "mode": "data",
      "type": "aws_partition",
      "name": "current",
      "provider": "provider[\"registry.terraform.io/hashicorp/aws\"]",
      "instances": [
        {
          "schema_version": 0,
          "attributes": {
            "dns_suffix": "amazonaws.com",
            "id": "aws",
            "partition": "aws",
            "reverse_dns_prefix": "com.amazonaws"
          },
          "sensitive_attributes": []
        }
      ]
    },
    {
      "module": "module.db.module.db_instance",
      "mode": "managed",
      "type": "aws_cloudwatch_log_group",
      "name": "this",
      "provider": "provider[\"registry.terraform.io/hashicorp/aws\"]",
      "instances": []
    },
    {
      "module": "module.db.module.db_instance",
      "mode": "managed",
      "type": "aws_db_instance",
      "name": "this",
      "provider": "provider[\"registry.terraform.io/hashicorp/aws\"]",
      "instances": [
        {
          "index_key": 0,
          "status": "tainted",
          "schema_version": 1,
          "attributes": {
            "address": null,
            "allocated_storage": 20,
            "allow_major_version_upgrade": false,
            "apply_immediately": false,
            "arn": null,
            "auto_minor_version_upgrade": true,
            "availability_zone": null,
            "backup_retention_period": 1,
            "backup_window": "03:00-06:00",
            "blue_green_update": [
              {
                "enabled": true
              }
            ],
            "ca_cert_identifier": null,
            "character_set_name": null,
            "copy_tags_to_snapshot": false,
            "custom_iam_instance_profile": null,
            "customer_owned_ip_enabled": null,
            "db_name": "completeMysql",
            "db_subnet_group_name": "playground-simple-vpc",
            "delete_automated_backups": true,
            "deletion_protection": false,
            "domain": null,
            "domain_iam_role_name": null,
            "enabled_cloudwatch_logs_exports": [
              "general"
            ],
            "endpoint": null,
            "engine": "mysql",
            "engine_version": "8.0",
            "engine_version_actual": null,
            "final_snapshot_identifier": null,
            "hosted_zone_id": null,
            "iam_database_authentication_enabled": false,
            "id": "playground-simple-vpc",
            "identifier": "playground-simple-vpc",
            "identifier_prefix": null,
            "instance_class": "db.t3.micro",
            "iops": null,
            "kms_key_id": null,
            "latest_restorable_time": null,
            "license_model": null,
            "maintenance_window": "mon:00:00-mon:03:00",
            "max_allocated_storage": 100,
            "monitoring_interval": 0,
            "monitoring_role_arn": null,
            "multi_az": true,
            "name": null,
            "nchar_character_set_name": null,
            "network_type": null,
            "option_group_name": "playground-simple-vpc-20230313174202621500000002",
            "parameter_group_name": "playground-simple-vpc-20230313174202621200000001",
            "password": "gTe8dgzJUXe8HjJm",
            "performance_insights_enabled": false,
            "performance_insights_kms_key_id": null,
            "performance_insights_retention_period": null,
            "port": 3306,
            "publicly_accessible": false,
            "replica_mode": null,
            "replicas": null,
            "replicate_source_db": null,
            "resource_id": null,
            "restore_to_point_in_time": [],
            "s3_import": [],
            "security_group_names": null,
            "skip_final_snapshot": true,
            "snapshot_identifier": null,
            "status": null,
            "storage_encrypted": true,
            "storage_throughput": null,
            "storage_type": null,
            "tags": {
              "Environment": "playground",
              "Example": "playground-simple-vpc",
              "Owner": "carlos-cuellar-maravilla"
            },
            "tags_all": {
              "Environment": "playground",
              "Example": "playground-simple-vpc",
              "Owner": "carlos-cuellar-maravilla"
            },
            "timeouts": {
              "create": null,
              "delete": null,
              "update": null
            },
            "timezone": null,
            "username": "complete_mysql",
            "vpc_security_group_ids": [
              "sg-00211b487b8af76fc"
            ]
          },
          "sensitive_attributes": [
            [
              {
                "type": "get_attr",
                "value": "password"
              }
            ]
          ],
          "private": "eyJlMmJmYjczMC1lY2FhLTExZTYtOGY4OC0zNDM2M2JjN2M0YzAiOnsiY3JlYXRlIjoyNDAwMDAwMDAwMDAwLCJkZWxldGUiOjM2MDAwMDAwMDAwMDAsInVwZGF0ZSI6NDgwMDAwMDAwMDAwMH0sInNjaGVtYV92ZXJzaW9uIjoiMSJ9",
          "dependencies": [
            "module.db.module.db_instance.aws_cloudwatch_log_group.this",
            "module.db.module.db_instance.aws_iam_role.enhanced_monitoring",
            "module.db.module.db_instance.random_id.snapshot_identifier",
            "module.db.module.db_option_group.aws_db_option_group.this",
            "module.db.module.db_parameter_group.aws_db_parameter_group.this",
            "module.db.module.db_subnet_group.aws_db_subnet_group.this",
            "module.db.random_password.master_password",
            "module.security_group_rds.aws_security_group.this",
            "module.security_group_rds.aws_security_group.this_name_prefix",
            "module.vpc.aws_db_subnet_group.database",
            "module.vpc.aws_subnet.database",
            "module.vpc.aws_vpc.this",
            "module.vpc.aws_vpc_ipv4_cidr_block_association.this"
          ]
        }
      ]
    },
    {
      "module": "module.db.module.db_instance",
      "mode": "managed",
      "type": "aws_iam_role",
      "name": "enhanced_monitoring",
      "provider": "provider[\"registry.terraform.io/hashicorp/aws\"]",
      "instances": []
    },
    {
      "module": "module.db.module.db_instance",
      "mode": "managed",
      "type": "random_id",
      "name": "snapshot_identifier",
      "provider": "provider[\"registry.terraform.io/hashicorp/random\"]",
      "instances": []
    },
    {
      "module": "module.db.module.db_option_group",
      "mode": "managed",
      "type": "aws_db_option_group",
      "name": "this",
      "provider": "provider[\"registry.terraform.io/hashicorp/aws\"]",
      "instances": [
        {
          "index_key": 0,
          "schema_version": 0,
          "attributes": {
            "arn": "arn:aws:rds:us-east-2:798797614836:og:playground-simple-vpc-20230313174202621500000002",
            "engine_name": "mysql",
            "id": "playground-simple-vpc-20230313174202621500000002",
            "major_engine_version": "8.0",
            "name": "playground-simple-vpc-20230313174202621500000002",
            "name_prefix": "playground-simple-vpc-",
            "option": [],
            "option_group_description": "playground-simple-vpc option group",
            "tags": {
              "Environment": "playground",
              "Example": "playground-simple-vpc",
              "Name": "playground-simple-vpc",
              "Owner": "carlos-cuellar-maravilla"
            },
            "tags_all": {
              "Environment": "playground",
              "Example": "playground-simple-vpc",
              "Name": "playground-simple-vpc",
              "Owner": "carlos-cuellar-maravilla"
            },
            "timeouts": {
              "delete": null
            }
          },
          "sensitive_attributes": [],
          "private": "eyJlMmJmYjczMC1lY2FhLTExZTYtOGY4OC0zNDM2M2JjN2M0YzAiOnsiZGVsZXRlIjo5MDAwMDAwMDAwMDB9fQ==",
          "create_before_destroy": true
        }
      ]
    },
    {
      "module": "module.db.module.db_parameter_group",
      "mode": "managed",
      "type": "aws_db_parameter_group",
      "name": "this",
      "provider": "provider[\"registry.terraform.io/hashicorp/aws\"]",
      "instances": [
        {
          "index_key": 0,
          "schema_version": 0,
          "attributes": {
            "arn": "arn:aws:rds:us-east-2:798797614836:pg:playground-simple-vpc-20230313174202621200000001",
            "description": "playground-simple-vpc parameter group",
            "family": "mysql8.0",
            "id": "playground-simple-vpc-20230313174202621200000001",
            "name": "playground-simple-vpc-20230313174202621200000001",
            "name_prefix": "playground-simple-vpc-",
            "parameter": [],
            "tags": {
              "Environment": "playground",
              "Example": "playground-simple-vpc",
              "Name": "playground-simple-vpc",
              "Owner": "carlos-cuellar-maravilla"
            },
            "tags_all": {
              "Environment": "playground",
              "Example": "playground-simple-vpc",
              "Name": "playground-simple-vpc",
              "Owner": "carlos-cuellar-maravilla"
            }
          },
          "sensitive_attributes": [],
          "private": "bnVsbA==",
          "create_before_destroy": true
        }
      ]
    },
    {
      "module": "module.security_group_rds",
      "mode": "managed",
      "type": "aws_security_group",
      "name": "this_name_prefix",
      "provider": "provider[\"registry.terraform.io/hashicorp/aws\"]",
      "instances": [
        {
          "index_key": 0,
          "schema_version": 1,
          "attributes": {
            "arn": "arn:aws:ec2:us-east-2:798797614836:security-group/sg-00211b487b8af76fc",
            "description": "Security group for RDS example",
            "egress": [],
            "id": "sg-00211b487b8af76fc",
            "ingress": [],
            "name": "playground-simple-vpc-security-group-rds-20230313174204710200000003",
            "name_prefix": "playground-simple-vpc-security-group-rds-",
            "owner_id": "798797614836",
            "revoke_rules_on_delete": false,
            "tags": {
              "Environment": "playground",
              "Example": "playground-simple-vpc",
              "Name": "playground-simple-vpc-security-group-rds",
              "Owner": "carlos-cuellar-maravilla"
            },
            "tags_all": {
              "Environment": "playground",
              "Example": "playground-simple-vpc",
              "Name": "playground-simple-vpc-security-group-rds",
              "Owner": "carlos-cuellar-maravilla"
            },
            "timeouts": {
              "create": "10m",
              "delete": "15m"
            },
            "vpc_id": "vpc-0ac872e153bf25210"
          },
          "sensitive_attributes": [],
          "private": "eyJlMmJmYjczMC1lY2FhLTExZTYtOGY4OC0zNDM2M2JjN2M0YzAiOnsiY3JlYXRlIjo2MDAwMDAwMDAwMDAsImRlbGV0ZSI6OTAwMDAwMDAwMDAwfSwic2NoZW1hX3ZlcnNpb24iOiIxIn0=",
          "dependencies": [
            "module.vpc.aws_vpc.this"
          ],
          "create_before_destroy": true
        }
      ]
    },
    {
      "module": "module.security_group_rds",
      "mode": "managed",
      "type": "aws_security_group_rule",
      "name": "egress_with_cidr_blocks",
      "provider": "provider[\"registry.terraform.io/hashicorp/aws\"]",
      "instances": [
        {
          "index_key": 0,
          "schema_version": 2,
          "attributes": {
            "cidr_blocks": [
              "0.0.0.0/0"
            ],
            "description": "Egress-sg",
            "from_port": 0,
            "id": "sgrule-2504408246",
            "ipv6_cidr_blocks": null,
            "prefix_list_ids": [],
            "protocol": "-1",
            "security_group_id": "sg-00211b487b8af76fc",
            "security_group_rule_id": "sgr-0de06d4ec9c625e6d",
            "self": false,
            "source_security_group_id": null,
            "timeouts": null,
            "to_port": 0,
            "type": "egress"
          },
          "sensitive_attributes": [],
          "private": "eyJlMmJmYjczMC1lY2FhLTExZTYtOGY4OC0zNDM2M2JjN2M0YzAiOnsiY3JlYXRlIjozMDAwMDAwMDAwMDB9LCJzY2hlbWFfdmVyc2lvbiI6IjIifQ==",
          "dependencies": [
            "module.security_group_rds.aws_security_group.this",
            "module.security_group_rds.aws_security_group.this_name_prefix",
            "module.vpc.aws_vpc.this"
          ]
        }
      ]
    },
    {
      "module": "module.security_group_rds",
      "mode": "managed",
      "type": "aws_security_group_rule",
      "name": "ingress_with_cidr_blocks",
      "provider": "provider[\"registry.terraform.io/hashicorp/aws\"]",
      "instances": [
        {
          "index_key": 0,
          "schema_version": 2,
          "attributes": {
            "cidr_blocks": [
              "10.0.0.0/16"
            ],
            "description": "Ingress-sg",
            "from_port": 3306,
            "id": "sgrule-2725535624",
            "ipv6_cidr_blocks": null,
            "prefix_list_ids": [],
            "protocol": "tcp",
            "security_group_id": "sg-00211b487b8af76fc",
            "security_group_rule_id": "sgr-00a6585e8b7deb268",
            "self": false,
            "source_security_group_id": null,
            "timeouts": null,
            "to_port": 3306,
            "type": "ingress"
          },
          "sensitive_attributes": [],
          "private": "eyJlMmJmYjczMC1lY2FhLTExZTYtOGY4OC0zNDM2M2JjN2M0YzAiOnsiY3JlYXRlIjozMDAwMDAwMDAwMDB9LCJzY2hlbWFfdmVyc2lvbiI6IjIifQ==",
          "dependencies": [
            "module.security_group_rds.aws_security_group.this",
            "module.security_group_rds.aws_security_group.this_name_prefix",
            "module.vpc.aws_vpc.this"
          ]
        }
      ]
    },
    {
      "module": "module.vpc",
      "mode": "managed",
      "type": "aws_db_subnet_group",
      "name": "database",
      "provider": "provider[\"registry.terraform.io/hashicorp/aws\"]",
      "instances": [
        {
          "index_key": 0,
          "schema_version": 0,
          "attributes": {
            "arn": "arn:aws:rds:us-east-2:798797614836:subgrp:playground-simple-vpc",
            "description": "Database subnet group for playground-simple-vpc",
            "id": "playground-simple-vpc",
            "name": "playground-simple-vpc",
            "name_prefix": "",
            "subnet_ids": [
              "subnet-0487a1f66a1fa4515",
              "subnet-054ce67932136a2fa",
              "subnet-0806740d12b6703ea"
            ],
            "supported_network_types": [
              "IPV4"
            ],
            "tags": {
              "Environment": "playground",
              "Example": "playground-simple-vpc",
              "Name": "playground-simple-vpc",
              "Owner": "carlos-cuellar-maravilla"
            },
            "tags_all": {
              "Environment": "playground",
              "Example": "playground-simple-vpc",
              "Name": "playground-simple-vpc",
              "Owner": "carlos-cuellar-maravilla"
            }
          },
          "sensitive_attributes": [],
          "private": "bnVsbA==",
          "dependencies": [
            "module.vpc.aws_subnet.database",
            "module.vpc.aws_vpc.this",
            "module.vpc.aws_vpc_ipv4_cidr_block_association.this"
          ]
        }
      ]
    },
    {
      "module": "module.vpc",
      "mode": "managed",
      "type": "aws_eip",
      "name": "nat",
      "provider": "provider[\"registry.terraform.io/hashicorp/aws\"]",
      "instances": [
        {
          "index_key": 0,
          "schema_version": 0,
          "attributes": {
            "address": null,
            "allocation_id": "eipalloc-0e19cc21e0e5c9a49",
            "associate_with_private_ip": null,
            "association_id": "",
            "carrier_ip": "",
            "customer_owned_ip": "",
            "customer_owned_ipv4_pool": "",
            "domain": "vpc",
            "id": "eipalloc-0e19cc21e0e5c9a49",
            "instance": "",
            "network_border_group": "us-east-2",
            "network_interface": "",
            "private_dns": null,
            "private_ip": "",
            "public_dns": "ec2-3-13-35-204.us-east-2.compute.amazonaws.com",
            "public_ip": "3.13.35.204",
            "public_ipv4_pool": "amazon",
            "tags": {
              "Environment": "playground",
              "Example": "playground-simple-vpc",
              "Name": "playground-simple-vpc-us-east-2a",
              "Owner": "carlos-cuellar-maravilla"
            },
            "tags_all": {
              "Environment": "playground",
              "Example": "playground-simple-vpc",
              "Name": "playground-simple-vpc-us-east-2a",
              "Owner": "carlos-cuellar-maravilla"
            },
            "timeouts": null,
            "vpc": true
          },
          "sensitive_attributes": [],
          "private": "eyJlMmJmYjczMC1lY2FhLTExZTYtOGY4OC0zNDM2M2JjN2M0YzAiOnsiZGVsZXRlIjoxODAwMDAwMDAwMDAsInJlYWQiOjkwMDAwMDAwMDAwMCwidXBkYXRlIjozMDAwMDAwMDAwMDB9fQ=="
        },
        {
          "index_key": 1,
          "schema_version": 0,
          "attributes": {
            "address": null,
            "allocation_id": "eipalloc-0c6623edbffb8f802",
            "associate_with_private_ip": null,
            "association_id": "",
            "carrier_ip": "",
            "customer_owned_ip": "",
            "customer_owned_ipv4_pool": "",
            "domain": "vpc",
            "id": "eipalloc-0c6623edbffb8f802",
            "instance": "",
            "network_border_group": "us-east-2",
            "network_interface": "",
            "private_dns": null,
            "private_ip": "",
            "public_dns": "ec2-3-137-78-118.us-east-2.compute.amazonaws.com",
            "public_ip": "3.137.78.118",
            "public_ipv4_pool": "amazon",
            "tags": {
              "Environment": "playground",
              "Example": "playground-simple-vpc",
              "Name": "playground-simple-vpc-us-east-2b",
              "Owner": "carlos-cuellar-maravilla"
            },
            "tags_all": {
              "Environment": "playground",
              "Example": "playground-simple-vpc",
              "Name": "playground-simple-vpc-us-east-2b",
              "Owner": "carlos-cuellar-maravilla"
            },
            "timeouts": null,
            "vpc": true
          },
          "sensitive_attributes": [],
          "private": "eyJlMmJmYjczMC1lY2FhLTExZTYtOGY4OC0zNDM2M2JjN2M0YzAiOnsiZGVsZXRlIjoxODAwMDAwMDAwMDAsInJlYWQiOjkwMDAwMDAwMDAwMCwidXBkYXRlIjozMDAwMDAwMDAwMDB9fQ=="
        },
        {
          "index_key": 2,
          "schema_version": 0,
          "attributes": {
            "address": null,
            "allocation_id": "eipalloc-0831454f1009ed03a",
            "associate_with_private_ip": null,
            "association_id": "",
            "carrier_ip": "",
            "customer_owned_ip": "",
            "customer_owned_ipv4_pool": "",
            "domain": "vpc",
            "id": "eipalloc-0831454f1009ed03a",
            "instance": "",
            "network_border_group": "us-east-2",
            "network_interface": "",
            "private_dns": null,
            "private_ip": "",
            "public_dns": "ec2-3-14-31-143.us-east-2.compute.amazonaws.com",
            "public_ip": "3.14.31.143",
            "public_ipv4_pool": "amazon",
            "tags": {
              "Environment": "playground",
              "Example": "playground-simple-vpc",
              "Name": "playground-simple-vpc-us-east-2c",
              "Owner": "carlos-cuellar-maravilla"
            },
            "tags_all": {
              "Environment": "playground",
              "Example": "playground-simple-vpc",
              "Name": "playground-simple-vpc-us-east-2c",
              "Owner": "carlos-cuellar-maravilla"
            },
            "timeouts": null,
            "vpc": true
          },
          "sensitive_attributes": [],
          "private": "eyJlMmJmYjczMC1lY2FhLTExZTYtOGY4OC0zNDM2M2JjN2M0YzAiOnsiZGVsZXRlIjoxODAwMDAwMDAwMDAsInJlYWQiOjkwMDAwMDAwMDAwMCwidXBkYXRlIjozMDAwMDAwMDAwMDB9fQ=="
        }
      ]
    },
    {
      "module": "module.vpc",
      "mode": "managed",
      "type": "aws_internet_gateway",
      "name": "this",
      "provider": "provider[\"registry.terraform.io/hashicorp/aws\"]",
      "instances": [
        {
          "index_key": 0,
          "schema_version": 0,
          "attributes": {
            "arn": "arn:aws:ec2:us-east-2:798797614836:internet-gateway/igw-0367914933539c56a",
            "id": "igw-0367914933539c56a",
            "owner_id": "798797614836",
            "tags": {
              "Environment": "playground",
              "Example": "playground-simple-vpc",
              "Name": "playground-simple-vpc",
              "Owner": "carlos-cuellar-maravilla"
            },
            "tags_all": {
              "Environment": "playground",
              "Example": "playground-simple-vpc",
              "Name": "playground-simple-vpc",
              "Owner": "carlos-cuellar-maravilla"
            },
            "timeouts": null,
            "vpc_id": "vpc-0ac872e153bf25210"
          },
          "sensitive_attributes": [],
          "private": "eyJlMmJmYjczMC1lY2FhLTExZTYtOGY4OC0zNDM2M2JjN2M0YzAiOnsiY3JlYXRlIjoxMjAwMDAwMDAwMDAwLCJkZWxldGUiOjEyMDAwMDAwMDAwMDAsInVwZGF0ZSI6MTIwMDAwMDAwMDAwMH19",
          "dependencies": [
            "module.vpc.aws_vpc.this",
            "module.vpc.aws_vpc_ipv4_cidr_block_association.this"
          ]
        }
      ]
    },
    {
      "module": "module.vpc",
      "mode": "managed",
      "type": "aws_nat_gateway",
      "name": "this",
      "provider": "provider[\"registry.terraform.io/hashicorp/aws\"]",
      "instances": [
        {
          "index_key": 0,
          "schema_version": 0,
          "attributes": {
            "allocation_id": "eipalloc-0e19cc21e0e5c9a49",
            "connectivity_type": "public",
            "id": "nat-0e4dd03bc379eacd4",
            "network_interface_id": "eni-0834cbcb4fdb79465",
            "private_ip": "10.0.10.205",
            "public_ip": "3.13.35.204",
            "subnet_id": "subnet-04e125fae0397c6c3",
            "tags": {
              "Environment": "playground",
              "Example": "playground-simple-vpc",
              "Name": "playground-simple-vpc-us-east-2a",
              "Owner": "carlos-cuellar-maravilla"
            },
            "tags_all": {
              "Environment": "playground",
              "Example": "playground-simple-vpc",
              "Name": "playground-simple-vpc-us-east-2a",
              "Owner": "carlos-cuellar-maravilla"
            }
          },
          "sensitive_attributes": [],
          "private": "bnVsbA==",
          "dependencies": [
            "module.vpc.aws_eip.nat",
            "module.vpc.aws_internet_gateway.this",
            "module.vpc.aws_subnet.public",
            "module.vpc.aws_vpc.this",
            "module.vpc.aws_vpc_ipv4_cidr_block_association.this"
          ]
        },
        {
          "index_key": 1,
          "schema_version": 0,
          "attributes": {
            "allocation_id": "eipalloc-0c6623edbffb8f802",
            "connectivity_type": "public",
            "id": "nat-0a24cd57dfc486921",
            "network_interface_id": "eni-06b1f2c507536f027",
            "private_ip": "10.0.11.53",
            "public_ip": "3.137.78.118",
            "subnet_id": "subnet-047f435b286275312",
            "tags": {
              "Environment": "playground",
              "Example": "playground-simple-vpc",
              "Name": "playground-simple-vpc-us-east-2b",
              "Owner": "carlos-cuellar-maravilla"
            },
            "tags_all": {
              "Environment": "playground",
              "Example": "playground-simple-vpc",
              "Name": "playground-simple-vpc-us-east-2b",
              "Owner": "carlos-cuellar-maravilla"
            }
          },
          "sensitive_attributes": [],
          "private": "bnVsbA==",
          "dependencies": [
            "module.vpc.aws_eip.nat",
            "module.vpc.aws_internet_gateway.this",
            "module.vpc.aws_subnet.public",
            "module.vpc.aws_vpc.this",
            "module.vpc.aws_vpc_ipv4_cidr_block_association.this"
          ]
        },
        {
          "index_key": 2,
          "schema_version": 0,
          "attributes": {
            "allocation_id": "eipalloc-0831454f1009ed03a",
            "connectivity_type": "public",
            "id": "nat-0ce5dabb4bd8585ff",
            "network_interface_id": "eni-0270293f0475b561d",
            "private_ip": "10.0.12.99",
            "public_ip": "3.14.31.143",
            "subnet_id": "subnet-00bb342e63714f32d",
            "tags": {
              "Environment": "playground",
              "Example": "playground-simple-vpc",
              "Name": "playground-simple-vpc-us-east-2c",
              "Owner": "carlos-cuellar-maravilla"
            },
            "tags_all": {
              "Environment": "playground",
              "Example": "playground-simple-vpc",
              "Name": "playground-simple-vpc-us-east-2c",
              "Owner": "carlos-cuellar-maravilla"
            }
          },
          "sensitive_attributes": [],
          "private": "bnVsbA==",
          "dependencies": [
            "module.vpc.aws_eip.nat",
            "module.vpc.aws_internet_gateway.this",
            "module.vpc.aws_subnet.public",
            "module.vpc.aws_vpc.this",
            "module.vpc.aws_vpc_ipv4_cidr_block_association.this"
          ]
        }
      ]
    },
    {
      "module": "module.vpc",
      "mode": "managed",
      "type": "aws_route",
      "name": "private_nat_gateway",
      "provider": "provider[\"registry.terraform.io/hashicorp/aws\"]",
      "instances": [
        {
          "index_key": 0,
          "schema_version": 0,
          "attributes": {
            "carrier_gateway_id": "",
            "core_network_arn": "",
            "destination_cidr_block": "0.0.0.0/0",
            "destination_ipv6_cidr_block": "",
            "destination_prefix_list_id": "",
            "egress_only_gateway_id": "",
            "gateway_id": "",
            "id": "r-rtb-04bdd0b16f641b2621080289494",
            "instance_id": "",
            "instance_owner_id": "",
            "local_gateway_id": "",
            "nat_gateway_id": "nat-0e4dd03bc379eacd4",
            "network_interface_id": "",
            "origin": "CreateRoute",
            "route_table_id": "rtb-04bdd0b16f641b262",
            "state": "active",
            "timeouts": {
              "create": "5m",
              "delete": null,
              "update": null
            },
            "transit_gateway_id": "",
            "vpc_endpoint_id": "",
            "vpc_peering_connection_id": ""
          },
          "sensitive_attributes": [],
          "private": "eyJlMmJmYjczMC1lY2FhLTExZTYtOGY4OC0zNDM2M2JjN2M0YzAiOnsiY3JlYXRlIjozMDAwMDAwMDAwMDAsImRlbGV0ZSI6MzAwMDAwMDAwMDAwLCJ1cGRhdGUiOjEyMDAwMDAwMDAwMH19",
          "dependencies": [
            "module.vpc.aws_eip.nat",
            "module.vpc.aws_internet_gateway.this",
            "module.vpc.aws_nat_gateway.this",
            "module.vpc.aws_route_table.private",
            "module.vpc.aws_subnet.public",
            "module.vpc.aws_vpc.this",
            "module.vpc.aws_vpc_ipv4_cidr_block_association.this"
          ]
        },
        {
          "index_key": 1,
          "schema_version": 0,
          "attributes": {
            "carrier_gateway_id": "",
            "core_network_arn": "",
            "destination_cidr_block": "0.0.0.0/0",
            "destination_ipv6_cidr_block": "",
            "destination_prefix_list_id": "",
            "egress_only_gateway_id": "",
            "gateway_id": "",
            "id": "r-rtb-0621a2d275197c59f1080289494",
            "instance_id": "",
            "instance_owner_id": "",
            "local_gateway_id": "",
            "nat_gateway_id": "nat-0a24cd57dfc486921",
            "network_interface_id": "",
            "origin": "CreateRoute",
            "route_table_id": "rtb-0621a2d275197c59f",
            "state": "active",
            "timeouts": {
              "create": "5m",
              "delete": null,
              "update": null
            },
            "transit_gateway_id": "",
            "vpc_endpoint_id": "",
            "vpc_peering_connection_id": ""
          },
          "sensitive_attributes": [],
          "private": "eyJlMmJmYjczMC1lY2FhLTExZTYtOGY4OC0zNDM2M2JjN2M0YzAiOnsiY3JlYXRlIjozMDAwMDAwMDAwMDAsImRlbGV0ZSI6MzAwMDAwMDAwMDAwLCJ1cGRhdGUiOjEyMDAwMDAwMDAwMH19",
          "dependencies": [
            "module.vpc.aws_eip.nat",
            "module.vpc.aws_internet_gateway.this",
            "module.vpc.aws_nat_gateway.this",
            "module.vpc.aws_route_table.private",
            "module.vpc.aws_subnet.public",
            "module.vpc.aws_vpc.this",
            "module.vpc.aws_vpc_ipv4_cidr_block_association.this"
          ]
        },
        {
          "index_key": 2,
          "schema_version": 0,
          "attributes": {
            "carrier_gateway_id": "",
            "core_network_arn": "",
            "destination_cidr_block": "0.0.0.0/0",
            "destination_ipv6_cidr_block": "",
            "destination_prefix_list_id": "",
            "egress_only_gateway_id": "",
            "gateway_id": "",
            "id": "r-rtb-0487f98e144d928461080289494",
            "instance_id": "",
            "instance_owner_id": "",
            "local_gateway_id": "",
            "nat_gateway_id": "nat-0ce5dabb4bd8585ff",
            "network_interface_id": "",
            "origin": "CreateRoute",
            "route_table_id": "rtb-0487f98e144d92846",
            "state": "active",
            "timeouts": {
              "create": "5m",
              "delete": null,
              "update": null
            },
            "transit_gateway_id": "",
            "vpc_endpoint_id": "",
            "vpc_peering_connection_id": ""
          },
          "sensitive_attributes": [],
          "private": "eyJlMmJmYjczMC1lY2FhLTExZTYtOGY4OC0zNDM2M2JjN2M0YzAiOnsiY3JlYXRlIjozMDAwMDAwMDAwMDAsImRlbGV0ZSI6MzAwMDAwMDAwMDAwLCJ1cGRhdGUiOjEyMDAwMDAwMDAwMH19",
          "dependencies": [
            "module.vpc.aws_eip.nat",
            "module.vpc.aws_internet_gateway.this",
            "module.vpc.aws_nat_gateway.this",
            "module.vpc.aws_route_table.private",
            "module.vpc.aws_subnet.public",
            "module.vpc.aws_vpc.this",
            "module.vpc.aws_vpc_ipv4_cidr_block_association.this"
          ]
        }
      ]
    },
    {
      "module": "module.vpc",
      "mode": "managed",
      "type": "aws_route",
      "name": "public_internet_gateway",
      "provider": "provider[\"registry.terraform.io/hashicorp/aws\"]",
      "instances": [
        {
          "index_key": 0,
          "schema_version": 0,
          "attributes": {
            "carrier_gateway_id": "",
            "core_network_arn": "",
            "destination_cidr_block": "0.0.0.0/0",
            "destination_ipv6_cidr_block": "",
            "destination_prefix_list_id": "",
            "egress_only_gateway_id": "",
            "gateway_id": "igw-0367914933539c56a",
            "id": "r-rtb-02fc9f35a1a6649a11080289494",
            "instance_id": "",
            "instance_owner_id": "",
            "local_gateway_id": "",
            "nat_gateway_id": "",
            "network_interface_id": "",
            "origin": "CreateRoute",
            "route_table_id": "rtb-02fc9f35a1a6649a1",
            "state": "active",
            "timeouts": {
              "create": "5m",
              "delete": null,
              "update": null
            },
            "transit_gateway_id": "",
            "vpc_endpoint_id": "",
            "vpc_peering_connection_id": ""
          },
          "sensitive_attributes": [],
          "private": "eyJlMmJmYjczMC1lY2FhLTExZTYtOGY4OC0zNDM2M2JjN2M0YzAiOnsiY3JlYXRlIjozMDAwMDAwMDAwMDAsImRlbGV0ZSI6MzAwMDAwMDAwMDAwLCJ1cGRhdGUiOjEyMDAwMDAwMDAwMH19",
          "dependencies": [
            "module.vpc.aws_internet_gateway.this",
            "module.vpc.aws_route_table.public",
            "module.vpc.aws_vpc.this",
            "module.vpc.aws_vpc_ipv4_cidr_block_association.this"
          ]
        }
      ]
    },
    {
      "module": "module.vpc",
      "mode": "managed",
      "type": "aws_route_table",
      "name": "database",
      "provider": "provider[\"registry.terraform.io/hashicorp/aws\"]",
      "instances": [
        {
          "index_key": 0,
          "schema_version": 0,
          "attributes": {
            "arn": "arn:aws:ec2:us-east-2:798797614836:route-table/rtb-00c90c10b8334974b",
            "id": "rtb-00c90c10b8334974b",
            "owner_id": "798797614836",
            "propagating_vgws": [],
            "route": [],
            "tags": {
              "Environment": "playground",
              "Example": "playground-simple-vpc",
              "Name": "playground-simple-vpc-db-us-east-2a",
              "Owner": "carlos-cuellar-maravilla"
            },
            "tags_all": {
              "Environment": "playground",
              "Example": "playground-simple-vpc",
              "Name": "playground-simple-vpc-db-us-east-2a",
              "Owner": "carlos-cuellar-maravilla"
            },
            "timeouts": null,
            "vpc_id": "vpc-0ac872e153bf25210"
          },
          "sensitive_attributes": [],
          "private": "eyJlMmJmYjczMC1lY2FhLTExZTYtOGY4OC0zNDM2M2JjN2M0YzAiOnsiY3JlYXRlIjozMDAwMDAwMDAwMDAsImRlbGV0ZSI6MzAwMDAwMDAwMDAwLCJ1cGRhdGUiOjEyMDAwMDAwMDAwMH19",
          "dependencies": [
            "module.vpc.aws_vpc.this",
            "module.vpc.aws_vpc_ipv4_cidr_block_association.this"
          ]
        },
        {
          "index_key": 1,
          "schema_version": 0,
          "attributes": {
            "arn": "arn:aws:ec2:us-east-2:798797614836:route-table/rtb-08d0b56376e5f6428",
            "id": "rtb-08d0b56376e5f6428",
            "owner_id": "798797614836",
            "propagating_vgws": [],
            "route": [],
            "tags": {
              "Environment": "playground",
              "Example": "playground-simple-vpc",
              "Name": "playground-simple-vpc-db-us-east-2b",
              "Owner": "carlos-cuellar-maravilla"
            },
            "tags_all": {
              "Environment": "playground",
              "Example": "playground-simple-vpc",
              "Name": "playground-simple-vpc-db-us-east-2b",
              "Owner": "carlos-cuellar-maravilla"
            },
            "timeouts": null,
            "vpc_id": "vpc-0ac872e153bf25210"
          },
          "sensitive_attributes": [],
          "private": "eyJlMmJmYjczMC1lY2FhLTExZTYtOGY4OC0zNDM2M2JjN2M0YzAiOnsiY3JlYXRlIjozMDAwMDAwMDAwMDAsImRlbGV0ZSI6MzAwMDAwMDAwMDAwLCJ1cGRhdGUiOjEyMDAwMDAwMDAwMH19",
          "dependencies": [
            "module.vpc.aws_vpc.this",
            "module.vpc.aws_vpc_ipv4_cidr_block_association.this"
          ]
        },
        {
          "index_key": 2,
          "schema_version": 0,
          "attributes": {
            "arn": "arn:aws:ec2:us-east-2:798797614836:route-table/rtb-0968da0c7ff392094",
            "id": "rtb-0968da0c7ff392094",
            "owner_id": "798797614836",
            "propagating_vgws": [],
            "route": [],
            "tags": {
              "Environment": "playground",
              "Example": "playground-simple-vpc",
              "Name": "playground-simple-vpc-db-us-east-2c",
              "Owner": "carlos-cuellar-maravilla"
            },
            "tags_all": {
              "Environment": "playground",
              "Example": "playground-simple-vpc",
              "Name": "playground-simple-vpc-db-us-east-2c",
              "Owner": "carlos-cuellar-maravilla"
            },
            "timeouts": null,
            "vpc_id": "vpc-0ac872e153bf25210"
          },
          "sensitive_attributes": [],
          "private": "eyJlMmJmYjczMC1lY2FhLTExZTYtOGY4OC0zNDM2M2JjN2M0YzAiOnsiY3JlYXRlIjozMDAwMDAwMDAwMDAsImRlbGV0ZSI6MzAwMDAwMDAwMDAwLCJ1cGRhdGUiOjEyMDAwMDAwMDAwMH19",
          "dependencies": [
            "module.vpc.aws_vpc.this",
            "module.vpc.aws_vpc_ipv4_cidr_block_association.this"
          ]
        }
      ]
    },
    {
      "module": "module.vpc",
      "mode": "managed",
      "type": "aws_route_table",
      "name": "private",
      "provider": "provider[\"registry.terraform.io/hashicorp/aws\"]",
      "instances": [
        {
          "index_key": 0,
          "schema_version": 0,
          "attributes": {
            "arn": "arn:aws:ec2:us-east-2:798797614836:route-table/rtb-04bdd0b16f641b262",
            "id": "rtb-04bdd0b16f641b262",
            "owner_id": "798797614836",
            "propagating_vgws": [],
            "route": [],
            "tags": {
              "Environment": "playground",
              "Example": "playground-simple-vpc",
              "Name": "playground-simple-vpc-private-us-east-2a",
              "Owner": "carlos-cuellar-maravilla"
            },
            "tags_all": {
              "Environment": "playground",
              "Example": "playground-simple-vpc",
              "Name": "playground-simple-vpc-private-us-east-2a",
              "Owner": "carlos-cuellar-maravilla"
            },
            "timeouts": null,
            "vpc_id": "vpc-0ac872e153bf25210"
          },
          "sensitive_attributes": [],
          "private": "eyJlMmJmYjczMC1lY2FhLTExZTYtOGY4OC0zNDM2M2JjN2M0YzAiOnsiY3JlYXRlIjozMDAwMDAwMDAwMDAsImRlbGV0ZSI6MzAwMDAwMDAwMDAwLCJ1cGRhdGUiOjEyMDAwMDAwMDAwMH19",
          "dependencies": [
            "module.vpc.aws_vpc.this",
            "module.vpc.aws_vpc_ipv4_cidr_block_association.this"
          ]
        },
        {
          "index_key": 1,
          "schema_version": 0,
          "attributes": {
            "arn": "arn:aws:ec2:us-east-2:798797614836:route-table/rtb-0621a2d275197c59f",
            "id": "rtb-0621a2d275197c59f",
            "owner_id": "798797614836",
            "propagating_vgws": [],
            "route": [],
            "tags": {
              "Environment": "playground",
              "Example": "playground-simple-vpc",
              "Name": "playground-simple-vpc-private-us-east-2b",
              "Owner": "carlos-cuellar-maravilla"
            },
            "tags_all": {
              "Environment": "playground",
              "Example": "playground-simple-vpc",
              "Name": "playground-simple-vpc-private-us-east-2b",
              "Owner": "carlos-cuellar-maravilla"
            },
            "timeouts": null,
            "vpc_id": "vpc-0ac872e153bf25210"
          },
          "sensitive_attributes": [],
          "private": "eyJlMmJmYjczMC1lY2FhLTExZTYtOGY4OC0zNDM2M2JjN2M0YzAiOnsiY3JlYXRlIjozMDAwMDAwMDAwMDAsImRlbGV0ZSI6MzAwMDAwMDAwMDAwLCJ1cGRhdGUiOjEyMDAwMDAwMDAwMH19",
          "dependencies": [
            "module.vpc.aws_vpc.this",
            "module.vpc.aws_vpc_ipv4_cidr_block_association.this"
          ]
        },
        {
          "index_key": 2,
          "schema_version": 0,
          "attributes": {
            "arn": "arn:aws:ec2:us-east-2:798797614836:route-table/rtb-0487f98e144d92846",
            "id": "rtb-0487f98e144d92846",
            "owner_id": "798797614836",
            "propagating_vgws": [],
            "route": [],
            "tags": {
              "Environment": "playground",
              "Example": "playground-simple-vpc",
              "Name": "playground-simple-vpc-private-us-east-2c",
              "Owner": "carlos-cuellar-maravilla"
            },
            "tags_all": {
              "Environment": "playground",
              "Example": "playground-simple-vpc",
              "Name": "playground-simple-vpc-private-us-east-2c",
              "Owner": "carlos-cuellar-maravilla"
            },
            "timeouts": null,
            "vpc_id": "vpc-0ac872e153bf25210"
          },
          "sensitive_attributes": [],
          "private": "eyJlMmJmYjczMC1lY2FhLTExZTYtOGY4OC0zNDM2M2JjN2M0YzAiOnsiY3JlYXRlIjozMDAwMDAwMDAwMDAsImRlbGV0ZSI6MzAwMDAwMDAwMDAwLCJ1cGRhdGUiOjEyMDAwMDAwMDAwMH19",
          "dependencies": [
            "module.vpc.aws_vpc.this",
            "module.vpc.aws_vpc_ipv4_cidr_block_association.this"
          ]
        }
      ]
    },
    {
      "module": "module.vpc",
      "mode": "managed",
      "type": "aws_route_table",
      "name": "public",
      "provider": "provider[\"registry.terraform.io/hashicorp/aws\"]",
      "instances": [
        {
          "index_key": 0,
          "schema_version": 0,
          "attributes": {
            "arn": "arn:aws:ec2:us-east-2:798797614836:route-table/rtb-02fc9f35a1a6649a1",
            "id": "rtb-02fc9f35a1a6649a1",
            "owner_id": "798797614836",
            "propagating_vgws": [],
            "route": [],
            "tags": {
              "Environment": "playground",
              "Example": "playground-simple-vpc",
              "Name": "playground-simple-vpc-public",
              "Owner": "carlos-cuellar-maravilla"
            },
            "tags_all": {
              "Environment": "playground",
              "Example": "playground-simple-vpc",
              "Name": "playground-simple-vpc-public",
              "Owner": "carlos-cuellar-maravilla"
            },
            "timeouts": null,
            "vpc_id": "vpc-0ac872e153bf25210"
          },
          "sensitive_attributes": [],
          "private": "eyJlMmJmYjczMC1lY2FhLTExZTYtOGY4OC0zNDM2M2JjN2M0YzAiOnsiY3JlYXRlIjozMDAwMDAwMDAwMDAsImRlbGV0ZSI6MzAwMDAwMDAwMDAwLCJ1cGRhdGUiOjEyMDAwMDAwMDAwMH19",
          "dependencies": [
            "module.vpc.aws_vpc.this",
            "module.vpc.aws_vpc_ipv4_cidr_block_association.this"
          ]
        }
      ]
    },
    {
      "module": "module.vpc",
      "mode": "managed",
      "type": "aws_route_table_association",
      "name": "database",
      "provider": "provider[\"registry.terraform.io/hashicorp/aws\"]",
      "instances": [
        {
          "index_key": 0,
          "schema_version": 0,
          "attributes": {
            "gateway_id": "",
            "id": "rtbassoc-00181e608ddc63f82",
            "route_table_id": "rtb-00c90c10b8334974b",
            "subnet_id": "subnet-0487a1f66a1fa4515"
          },
          "sensitive_attributes": [],
          "private": "bnVsbA==",
          "dependencies": [
            "module.vpc.aws_route_table.database",
            "module.vpc.aws_route_table.private",
            "module.vpc.aws_subnet.database",
            "module.vpc.aws_vpc.this",
            "module.vpc.aws_vpc_ipv4_cidr_block_association.this"
          ]
        },
        {
          "index_key": 1,
          "schema_version": 0,
          "attributes": {
            "gateway_id": "",
            "id": "rtbassoc-052e43303464c2859",
            "route_table_id": "rtb-08d0b56376e5f6428",
            "subnet_id": "subnet-0806740d12b6703ea"
          },
          "sensitive_attributes": [],
          "private": "bnVsbA==",
          "dependencies": [
            "module.vpc.aws_route_table.database",
            "module.vpc.aws_route_table.private",
            "module.vpc.aws_subnet.database",
            "module.vpc.aws_vpc.this",
            "module.vpc.aws_vpc_ipv4_cidr_block_association.this"
          ]
        },
        {
          "index_key": 2,
          "schema_version": 0,
          "attributes": {
            "gateway_id": "",
            "id": "rtbassoc-0f0190ff0473bee5e",
            "route_table_id": "rtb-0968da0c7ff392094",
            "subnet_id": "subnet-054ce67932136a2fa"
          },
          "sensitive_attributes": [],
          "private": "bnVsbA==",
          "dependencies": [
            "module.vpc.aws_route_table.database",
            "module.vpc.aws_route_table.private",
            "module.vpc.aws_subnet.database",
            "module.vpc.aws_vpc.this",
            "module.vpc.aws_vpc_ipv4_cidr_block_association.this"
          ]
        }
      ]
    },
    {
      "module": "module.vpc",
      "mode": "managed",
      "type": "aws_route_table_association",
      "name": "private",
      "provider": "provider[\"registry.terraform.io/hashicorp/aws\"]",
      "instances": [
        {
          "index_key": 0,
          "schema_version": 0,
          "attributes": {
            "gateway_id": "",
            "id": "rtbassoc-01c7e587e47c68b3f",
            "route_table_id": "rtb-04bdd0b16f641b262",
            "subnet_id": "subnet-05aaf12070ff10b50"
          },
          "sensitive_attributes": [],
          "private": "bnVsbA==",
          "dependencies": [
            "module.vpc.aws_route_table.private",
            "module.vpc.aws_subnet.private",
            "module.vpc.aws_vpc.this",
            "module.vpc.aws_vpc_ipv4_cidr_block_association.this"
          ]
        },
        {
          "index_key": 1,
          "schema_version": 0,
          "attributes": {
            "gateway_id": "",
            "id": "rtbassoc-09cd9034f5a7ae9e9",
            "route_table_id": "rtb-0621a2d275197c59f",
            "subnet_id": "subnet-03d573c9b705c277c"
          },
          "sensitive_attributes": [],
          "private": "bnVsbA==",
          "dependencies": [
            "module.vpc.aws_route_table.private",
            "module.vpc.aws_subnet.private",
            "module.vpc.aws_vpc.this",
            "module.vpc.aws_vpc_ipv4_cidr_block_association.this"
          ]
        },
        {
          "index_key": 2,
          "schema_version": 0,
          "attributes": {
            "gateway_id": "",
            "id": "rtbassoc-02d7670c21200e655",
            "route_table_id": "rtb-0487f98e144d92846",
            "subnet_id": "subnet-01becd9d92751533d"
          },
          "sensitive_attributes": [],
          "private": "bnVsbA==",
          "dependencies": [
            "module.vpc.aws_route_table.private",
            "module.vpc.aws_subnet.private",
            "module.vpc.aws_vpc.this",
            "module.vpc.aws_vpc_ipv4_cidr_block_association.this"
          ]
        }
      ]
    },
    {
      "module": "module.vpc",
      "mode": "managed",
      "type": "aws_route_table_association",
      "name": "public",
      "provider": "provider[\"registry.terraform.io/hashicorp/aws\"]",
      "instances": [
        {
          "index_key": 0,
          "schema_version": 0,
          "attributes": {
            "gateway_id": "",
            "id": "rtbassoc-0f68a8dc52f48bed4",
            "route_table_id": "rtb-02fc9f35a1a6649a1",
            "subnet_id": "subnet-04e125fae0397c6c3"
          },
          "sensitive_attributes": [],
          "private": "bnVsbA==",
          "dependencies": [
            "module.vpc.aws_route_table.public",
            "module.vpc.aws_subnet.public",
            "module.vpc.aws_vpc.this",
            "module.vpc.aws_vpc_ipv4_cidr_block_association.this"
          ]
        },
        {
          "index_key": 1,
          "schema_version": 0,
          "attributes": {
            "gateway_id": "",
            "id": "rtbassoc-0f21ca8c1d5b0fa87",
            "route_table_id": "rtb-02fc9f35a1a6649a1",
            "subnet_id": "subnet-047f435b286275312"
          },
          "sensitive_attributes": [],
          "private": "bnVsbA==",
          "dependencies": [
            "module.vpc.aws_route_table.public",
            "module.vpc.aws_subnet.public",
            "module.vpc.aws_vpc.this",
            "module.vpc.aws_vpc_ipv4_cidr_block_association.this"
          ]
        },
        {
          "index_key": 2,
          "schema_version": 0,
          "attributes": {
            "gateway_id": "",
            "id": "rtbassoc-0fd6dfa7b6a887efe",
            "route_table_id": "rtb-02fc9f35a1a6649a1",
            "subnet_id": "subnet-00bb342e63714f32d"
          },
          "sensitive_attributes": [],
          "private": "bnVsbA==",
          "dependencies": [
            "module.vpc.aws_route_table.public",
            "module.vpc.aws_subnet.public",
            "module.vpc.aws_vpc.this",
            "module.vpc.aws_vpc_ipv4_cidr_block_association.this"
          ]
        }
      ]
    },
    {
      "module": "module.vpc",
      "mode": "managed",
      "type": "aws_subnet",
      "name": "database",
      "provider": "provider[\"registry.terraform.io/hashicorp/aws\"]",
      "instances": [
        {
          "index_key": 0,
          "schema_version": 1,
          "attributes": {
            "arn": "arn:aws:ec2:us-east-2:798797614836:subnet/subnet-0487a1f66a1fa4515",
            "assign_ipv6_address_on_creation": false,
            "availability_zone": "us-east-2a",
            "availability_zone_id": "use2-az1",
            "cidr_block": "10.0.30.0/24",
            "customer_owned_ipv4_pool": "",
            "enable_dns64": false,
            "enable_resource_name_dns_a_record_on_launch": false,
            "enable_resource_name_dns_aaaa_record_on_launch": false,
            "id": "subnet-0487a1f66a1fa4515",
            "ipv6_cidr_block": "",
            "ipv6_cidr_block_association_id": "",
            "ipv6_native": false,
            "map_customer_owned_ip_on_launch": false,
            "map_public_ip_on_launch": false,
            "outpost_arn": "",
            "owner_id": "798797614836",
            "private_dns_hostname_type_on_launch": "ip-name",
            "tags": {
              "Environment": "playground",
              "Example": "playground-simple-vpc",
              "Name": "playground-simple-vpc-db-us-east-2a",
              "Owner": "carlos-cuellar-maravilla"
            },
            "tags_all": {
              "Environment": "playground",
              "Example": "playground-simple-vpc",
              "Name": "playground-simple-vpc-db-us-east-2a",
              "Owner": "carlos-cuellar-maravilla"
            },
            "timeouts": null,
            "vpc_id": "vpc-0ac872e153bf25210"
          },
          "sensitive_attributes": [],
          "private": "eyJlMmJmYjczMC1lY2FhLTExZTYtOGY4OC0zNDM2M2JjN2M0YzAiOnsiY3JlYXRlIjo2MDAwMDAwMDAwMDAsImRlbGV0ZSI6MTIwMDAwMDAwMDAwMH0sInNjaGVtYV92ZXJzaW9uIjoiMSJ9",
          "dependencies": [
            "module.vpc.aws_vpc.this",
            "module.vpc.aws_vpc_ipv4_cidr_block_association.this"
          ]
        },
        {
          "index_key": 1,
          "schema_version": 1,
          "attributes": {
            "arn": "arn:aws:ec2:us-east-2:798797614836:subnet/subnet-0806740d12b6703ea",
            "assign_ipv6_address_on_creation": false,
            "availability_zone": "us-east-2b",
            "availability_zone_id": "use2-az2",
            "cidr_block": "10.0.31.0/24",
            "customer_owned_ipv4_pool": "",
            "enable_dns64": false,
            "enable_resource_name_dns_a_record_on_launch": false,
            "enable_resource_name_dns_aaaa_record_on_launch": false,
            "id": "subnet-0806740d12b6703ea",
            "ipv6_cidr_block": "",
            "ipv6_cidr_block_association_id": "",
            "ipv6_native": false,
            "map_customer_owned_ip_on_launch": false,
            "map_public_ip_on_launch": false,
            "outpost_arn": "",
            "owner_id": "798797614836",
            "private_dns_hostname_type_on_launch": "ip-name",
            "tags": {
              "Environment": "playground",
              "Example": "playground-simple-vpc",
              "Name": "playground-simple-vpc-db-us-east-2b",
              "Owner": "carlos-cuellar-maravilla"
            },
            "tags_all": {
              "Environment": "playground",
              "Example": "playground-simple-vpc",
              "Name": "playground-simple-vpc-db-us-east-2b",
              "Owner": "carlos-cuellar-maravilla"
            },
            "timeouts": null,
            "vpc_id": "vpc-0ac872e153bf25210"
          },
          "sensitive_attributes": [],
          "private": "eyJlMmJmYjczMC1lY2FhLTExZTYtOGY4OC0zNDM2M2JjN2M0YzAiOnsiY3JlYXRlIjo2MDAwMDAwMDAwMDAsImRlbGV0ZSI6MTIwMDAwMDAwMDAwMH0sInNjaGVtYV92ZXJzaW9uIjoiMSJ9",
          "dependencies": [
            "module.vpc.aws_vpc.this",
            "module.vpc.aws_vpc_ipv4_cidr_block_association.this"
          ]
        },
        {
          "index_key": 2,
          "schema_version": 1,
          "attributes": {
            "arn": "arn:aws:ec2:us-east-2:798797614836:subnet/subnet-054ce67932136a2fa",
            "assign_ipv6_address_on_creation": false,
            "availability_zone": "us-east-2c",
            "availability_zone_id": "use2-az3",
            "cidr_block": "10.0.32.0/24",
            "customer_owned_ipv4_pool": "",
            "enable_dns64": false,
            "enable_resource_name_dns_a_record_on_launch": false,
            "enable_resource_name_dns_aaaa_record_on_launch": false,
            "id": "subnet-054ce67932136a2fa",
            "ipv6_cidr_block": "",
            "ipv6_cidr_block_association_id": "",
            "ipv6_native": false,
            "map_customer_owned_ip_on_launch": false,
            "map_public_ip_on_launch": false,
            "outpost_arn": "",
            "owner_id": "798797614836",
            "private_dns_hostname_type_on_launch": "ip-name",
            "tags": {
              "Environment": "playground",
              "Example": "playground-simple-vpc",
              "Name": "playground-simple-vpc-db-us-east-2c",
              "Owner": "carlos-cuellar-maravilla"
            },
            "tags_all": {
              "Environment": "playground",
              "Example": "playground-simple-vpc",
              "Name": "playground-simple-vpc-db-us-east-2c",
              "Owner": "carlos-cuellar-maravilla"
            },
            "timeouts": null,
            "vpc_id": "vpc-0ac872e153bf25210"
          },
          "sensitive_attributes": [],
          "private": "eyJlMmJmYjczMC1lY2FhLTExZTYtOGY4OC0zNDM2M2JjN2M0YzAiOnsiY3JlYXRlIjo2MDAwMDAwMDAwMDAsImRlbGV0ZSI6MTIwMDAwMDAwMDAwMH0sInNjaGVtYV92ZXJzaW9uIjoiMSJ9",
          "dependencies": [
            "module.vpc.aws_vpc.this",
            "module.vpc.aws_vpc_ipv4_cidr_block_association.this"
          ]
        }
      ]
    },
    {
      "module": "module.vpc",
      "mode": "managed",
      "type": "aws_subnet",
      "name": "private",
      "provider": "provider[\"registry.terraform.io/hashicorp/aws\"]",
      "instances": [
        {
          "index_key": 0,
          "schema_version": 1,
          "attributes": {
            "arn": "arn:aws:ec2:us-east-2:798797614836:subnet/subnet-05aaf12070ff10b50",
            "assign_ipv6_address_on_creation": false,
            "availability_zone": "us-east-2a",
            "availability_zone_id": "use2-az1",
            "cidr_block": "10.0.20.0/24",
            "customer_owned_ipv4_pool": "",
            "enable_dns64": false,
            "enable_resource_name_dns_a_record_on_launch": false,
            "enable_resource_name_dns_aaaa_record_on_launch": false,
            "id": "subnet-05aaf12070ff10b50",
            "ipv6_cidr_block": "",
            "ipv6_cidr_block_association_id": "",
            "ipv6_native": false,
            "map_customer_owned_ip_on_launch": false,
            "map_public_ip_on_launch": false,
            "outpost_arn": "",
            "owner_id": "798797614836",
            "private_dns_hostname_type_on_launch": "ip-name",
            "tags": {
              "Environment": "playground",
              "Example": "playground-simple-vpc",
              "Name": "playground-simple-vpc-private-us-east-2a",
              "Owner": "carlos-cuellar-maravilla"
            },
            "tags_all": {
              "Environment": "playground",
              "Example": "playground-simple-vpc",
              "Name": "playground-simple-vpc-private-us-east-2a",
              "Owner": "carlos-cuellar-maravilla"
            },
            "timeouts": null,
            "vpc_id": "vpc-0ac872e153bf25210"
          },
          "sensitive_attributes": [],
          "private": "eyJlMmJmYjczMC1lY2FhLTExZTYtOGY4OC0zNDM2M2JjN2M0YzAiOnsiY3JlYXRlIjo2MDAwMDAwMDAwMDAsImRlbGV0ZSI6MTIwMDAwMDAwMDAwMH0sInNjaGVtYV92ZXJzaW9uIjoiMSJ9",
          "dependencies": [
            "module.vpc.aws_vpc.this",
            "module.vpc.aws_vpc_ipv4_cidr_block_association.this"
          ]
        },
        {
          "index_key": 1,
          "schema_version": 1,
          "attributes": {
            "arn": "arn:aws:ec2:us-east-2:798797614836:subnet/subnet-03d573c9b705c277c",
            "assign_ipv6_address_on_creation": false,
            "availability_zone": "us-east-2b",
            "availability_zone_id": "use2-az2",
            "cidr_block": "10.0.21.0/24",
            "customer_owned_ipv4_pool": "",
            "enable_dns64": false,
            "enable_resource_name_dns_a_record_on_launch": false,
            "enable_resource_name_dns_aaaa_record_on_launch": false,
            "id": "subnet-03d573c9b705c277c",
            "ipv6_cidr_block": "",
            "ipv6_cidr_block_association_id": "",
            "ipv6_native": false,
            "map_customer_owned_ip_on_launch": false,
            "map_public_ip_on_launch": false,
            "outpost_arn": "",
            "owner_id": "798797614836",
            "private_dns_hostname_type_on_launch": "ip-name",
            "tags": {
              "Environment": "playground",
              "Example": "playground-simple-vpc",
              "Name": "playground-simple-vpc-private-us-east-2b",
              "Owner": "carlos-cuellar-maravilla"
            },
            "tags_all": {
              "Environment": "playground",
              "Example": "playground-simple-vpc",
              "Name": "playground-simple-vpc-private-us-east-2b",
              "Owner": "carlos-cuellar-maravilla"
            },
            "timeouts": null,
            "vpc_id": "vpc-0ac872e153bf25210"
          },
          "sensitive_attributes": [],
          "private": "eyJlMmJmYjczMC1lY2FhLTExZTYtOGY4OC0zNDM2M2JjN2M0YzAiOnsiY3JlYXRlIjo2MDAwMDAwMDAwMDAsImRlbGV0ZSI6MTIwMDAwMDAwMDAwMH0sInNjaGVtYV92ZXJzaW9uIjoiMSJ9",
          "dependencies": [
            "module.vpc.aws_vpc.this",
            "module.vpc.aws_vpc_ipv4_cidr_block_association.this"
          ]
        },
        {
          "index_key": 2,
          "schema_version": 1,
          "attributes": {
            "arn": "arn:aws:ec2:us-east-2:798797614836:subnet/subnet-01becd9d92751533d",
            "assign_ipv6_address_on_creation": false,
            "availability_zone": "us-east-2c",
            "availability_zone_id": "use2-az3",
            "cidr_block": "10.0.22.0/24",
            "customer_owned_ipv4_pool": "",
            "enable_dns64": false,
            "enable_resource_name_dns_a_record_on_launch": false,
            "enable_resource_name_dns_aaaa_record_on_launch": false,
            "id": "subnet-01becd9d92751533d",
            "ipv6_cidr_block": "",
            "ipv6_cidr_block_association_id": "",
            "ipv6_native": false,
            "map_customer_owned_ip_on_launch": false,
            "map_public_ip_on_launch": false,
            "outpost_arn": "",
            "owner_id": "798797614836",
            "private_dns_hostname_type_on_launch": "ip-name",
            "tags": {
              "Environment": "playground",
              "Example": "playground-simple-vpc",
              "Name": "playground-simple-vpc-private-us-east-2c",
              "Owner": "carlos-cuellar-maravilla"
            },
            "tags_all": {
              "Environment": "playground",
              "Example": "playground-simple-vpc",
              "Name": "playground-simple-vpc-private-us-east-2c",
              "Owner": "carlos-cuellar-maravilla"
            },
            "timeouts": null,
            "vpc_id": "vpc-0ac872e153bf25210"
          },
          "sensitive_attributes": [],
          "private": "eyJlMmJmYjczMC1lY2FhLTExZTYtOGY4OC0zNDM2M2JjN2M0YzAiOnsiY3JlYXRlIjo2MDAwMDAwMDAwMDAsImRlbGV0ZSI6MTIwMDAwMDAwMDAwMH0sInNjaGVtYV92ZXJzaW9uIjoiMSJ9",
          "dependencies": [
            "module.vpc.aws_vpc.this",
            "module.vpc.aws_vpc_ipv4_cidr_block_association.this"
          ]
        }
      ]
    },
    {
      "module": "module.vpc",
      "mode": "managed",
      "type": "aws_subnet",
      "name": "public",
      "provider": "provider[\"registry.terraform.io/hashicorp/aws\"]",
      "instances": [
        {
          "index_key": 0,
          "schema_version": 1,
          "attributes": {
            "arn": "arn:aws:ec2:us-east-2:798797614836:subnet/subnet-04e125fae0397c6c3",
            "assign_ipv6_address_on_creation": false,
            "availability_zone": "us-east-2a",
            "availability_zone_id": "use2-az1",
            "cidr_block": "10.0.10.0/24",
            "customer_owned_ipv4_pool": "",
            "enable_dns64": false,
            "enable_resource_name_dns_a_record_on_launch": false,
            "enable_resource_name_dns_aaaa_record_on_launch": false,
            "id": "subnet-04e125fae0397c6c3",
            "ipv6_cidr_block": "",
            "ipv6_cidr_block_association_id": "",
            "ipv6_native": false,
            "map_customer_owned_ip_on_launch": false,
            "map_public_ip_on_launch": true,
            "outpost_arn": "",
            "owner_id": "798797614836",
            "private_dns_hostname_type_on_launch": "ip-name",
            "tags": {
              "Environment": "playground",
              "Example": "playground-simple-vpc",
              "Name": "public-subnet",
              "Owner": "carlos-cuellar-maravilla",
              "availability-zone": "us-east-2a"
            },
            "tags_all": {
              "Environment": "playground",
              "Example": "playground-simple-vpc",
              "Name": "public-subnet",
              "Owner": "carlos-cuellar-maravilla",
              "availability-zone": "us-east-2a"
            },
            "timeouts": null,
            "vpc_id": "vpc-0ac872e153bf25210"
          },
          "sensitive_attributes": [],
          "private": "eyJlMmJmYjczMC1lY2FhLTExZTYtOGY4OC0zNDM2M2JjN2M0YzAiOnsiY3JlYXRlIjo2MDAwMDAwMDAwMDAsImRlbGV0ZSI6MTIwMDAwMDAwMDAwMH0sInNjaGVtYV92ZXJzaW9uIjoiMSJ9",
          "dependencies": [
            "module.vpc.aws_vpc.this",
            "module.vpc.aws_vpc_ipv4_cidr_block_association.this"
          ]
        },
        {
          "index_key": 1,
          "schema_version": 1,
          "attributes": {
            "arn": "arn:aws:ec2:us-east-2:798797614836:subnet/subnet-047f435b286275312",
            "assign_ipv6_address_on_creation": false,
            "availability_zone": "us-east-2b",
            "availability_zone_id": "use2-az2",
            "cidr_block": "10.0.11.0/24",
            "customer_owned_ipv4_pool": "",
            "enable_dns64": false,
            "enable_resource_name_dns_a_record_on_launch": false,
            "enable_resource_name_dns_aaaa_record_on_launch": false,
            "id": "subnet-047f435b286275312",
            "ipv6_cidr_block": "",
            "ipv6_cidr_block_association_id": "",
            "ipv6_native": false,
            "map_customer_owned_ip_on_launch": false,
            "map_public_ip_on_launch": true,
            "outpost_arn": "",
            "owner_id": "798797614836",
            "private_dns_hostname_type_on_launch": "ip-name",
            "tags": {
              "Environment": "playground",
              "Example": "playground-simple-vpc",
              "Name": "public-subnet",
              "Owner": "carlos-cuellar-maravilla"
            },
            "tags_all": {
              "Environment": "playground",
              "Example": "playground-simple-vpc",
              "Name": "public-subnet",
              "Owner": "carlos-cuellar-maravilla"
            },
            "timeouts": null,
            "vpc_id": "vpc-0ac872e153bf25210"
          },
          "sensitive_attributes": [],
          "private": "eyJlMmJmYjczMC1lY2FhLTExZTYtOGY4OC0zNDM2M2JjN2M0YzAiOnsiY3JlYXRlIjo2MDAwMDAwMDAwMDAsImRlbGV0ZSI6MTIwMDAwMDAwMDAwMH0sInNjaGVtYV92ZXJzaW9uIjoiMSJ9",
          "dependencies": [
            "module.vpc.aws_vpc.this",
            "module.vpc.aws_vpc_ipv4_cidr_block_association.this"
          ]
        },
        {
          "index_key": 2,
          "schema_version": 1,
          "attributes": {
            "arn": "arn:aws:ec2:us-east-2:798797614836:subnet/subnet-00bb342e63714f32d",
            "assign_ipv6_address_on_creation": false,
            "availability_zone": "us-east-2c",
            "availability_zone_id": "use2-az3",
            "cidr_block": "10.0.12.0/24",
            "customer_owned_ipv4_pool": "",
            "enable_dns64": false,
            "enable_resource_name_dns_a_record_on_launch": false,
            "enable_resource_name_dns_aaaa_record_on_launch": false,
            "id": "subnet-00bb342e63714f32d",
            "ipv6_cidr_block": "",
            "ipv6_cidr_block_association_id": "",
            "ipv6_native": false,
            "map_customer_owned_ip_on_launch": false,
            "map_public_ip_on_launch": true,
            "outpost_arn": "",
            "owner_id": "798797614836",
            "private_dns_hostname_type_on_launch": "ip-name",
            "tags": {
              "Environment": "playground",
              "Example": "playground-simple-vpc",
              "Name": "public-subnet",
              "Owner": "carlos-cuellar-maravilla"
            },
            "tags_all": {
              "Environment": "playground",
              "Example": "playground-simple-vpc",
              "Name": "public-subnet",
              "Owner": "carlos-cuellar-maravilla"
            },
            "timeouts": null,
            "vpc_id": "vpc-0ac872e153bf25210"
          },
          "sensitive_attributes": [],
          "private": "eyJlMmJmYjczMC1lY2FhLTExZTYtOGY4OC0zNDM2M2JjN2M0YzAiOnsiY3JlYXRlIjo2MDAwMDAwMDAwMDAsImRlbGV0ZSI6MTIwMDAwMDAwMDAwMH0sInNjaGVtYV92ZXJzaW9uIjoiMSJ9",
          "dependencies": [
            "module.vpc.aws_vpc.this",
            "module.vpc.aws_vpc_ipv4_cidr_block_association.this"
          ]
        }
      ]
    },
    {
      "module": "module.vpc",
      "mode": "managed",
      "type": "aws_vpc",
      "name": "this",
      "provider": "provider[\"registry.terraform.io/hashicorp/aws\"]",
      "instances": [
        {
          "index_key": 0,
          "schema_version": 1,
          "attributes": {
            "arn": "arn:aws:ec2:us-east-2:798797614836:vpc/vpc-0ac872e153bf25210",
            "assign_generated_ipv6_cidr_block": false,
            "cidr_block": "10.0.0.0/16",
            "default_network_acl_id": "acl-0afc08e232f13183f",
            "default_route_table_id": "rtb-00932a0d57b555c5c",
            "default_security_group_id": "sg-0c31691f2ab89a456",
            "dhcp_options_id": "dopt-88cf77e3",
            "enable_classiclink": false,
            "enable_classiclink_dns_support": false,
            "enable_dns_hostnames": false,
            "enable_dns_support": true,
            "enable_network_address_usage_metrics": false,
            "id": "vpc-0ac872e153bf25210",
            "instance_tenancy": "default",
            "ipv4_ipam_pool_id": null,
            "ipv4_netmask_length": null,
            "ipv6_association_id": "",
            "ipv6_cidr_block": "",
            "ipv6_cidr_block_network_border_group": "",
            "ipv6_ipam_pool_id": "",
            "ipv6_netmask_length": 0,
            "main_route_table_id": "rtb-00932a0d57b555c5c",
            "owner_id": "798797614836",
            "tags": {
              "Environment": "playground",
              "Example": "playground-simple-vpc",
              "Name": "vpc-playground",
              "Owner": "carlos-cuellar-maravilla"
            },
            "tags_all": {
              "Environment": "playground",
              "Example": "playground-simple-vpc",
              "Name": "vpc-playground",
              "Owner": "carlos-cuellar-maravilla"
            }
          },
          "sensitive_attributes": [],
          "private": "eyJzY2hlbWFfdmVyc2lvbiI6IjEifQ==",
          "create_before_destroy": true
        }
      ]
    }
  ],
  "check_results": null
}
